
Microsoft Visual Studio Solution File, Format Version 12.00
# Visual Studio Version 16
VisualStudioVersion = 16.0.31321.278
MinimumVisualStudioVersion = 10.0.40219.1
Project("{FAE04EC0-301F-11D3-BF4B-00C04F79EFBC}") = "FormArduinoAplicaciones-2022-I", "FormArduinoAplicaciones-2022-I.csproj", "{5C9C046B-A0E8-4CEF-911D-A1843035C2FD}"
EndProject
Global
	GlobalSection(SolutionConfigurationPlatforms) = preSolution
		Debug|Any CPU = Debug|Any CPU
		Release|Any CPU = Release|Any CPU
	EndGlobalSection
	GlobalSection(ProjectConfigurationPlatforms) = postSolution
		{5C9C046B-A0E8-4CEF-911D-A1843035C2FD}.Debug|Any CPU.ActiveCfg = Debug|Any CPU
		{5C9C046B-A0E8-4CEF-911D-A1843035C2FD}.Debug|Any CPU.Build.0 = Debug|Any CPU
		{5C9C046B-A0E8-4CEF-911D-A1843035C2FD}.Release|Any CPU.ActiveCfg = Release|Any CPU
		{5C9C046B-A0E8-4CEF-911D-A1843035C2FD}.Release|Any CPU.Build.0 = Release|Any CPU
	EndGlobalSection
	GlobalSection(SolutionProperties) = preSolution
		HideSolutionNode = FALSE
	EndGlobalSection
	GlobalSection(ExtensibilityGlobals) = postSolution
		SolutionGuid = {0425FD1E-883A-45F0-9563-CB69CE01CEE8}
	EndGlobalSection
EndGlobal
